
Microsoft Visual Studio Solution File, Format Version 12.00
# Visual Studio Version 17
VisualStudioVersion = 17.8.34408.163
MinimumVisualStudioVersion = 10.0.40219.1
Project("{9A19103F-16F7-4668-BE54-9A1E7A4F7556}") = "BooksManager", "CurrenciesManager\BooksManager.csproj", "{A54414C4-B07E-4B3A-8858-E91D0FE62C42}"
EndProject
Global
	GlobalSection(SolutionConfigurationPlatforms) = preSolution
		Debug|Any CPU = Debug|Any CPU
		Release|Any CPU = Release|Any CPU
	EndGlobalSection
	GlobalSection(ProjectConfigurationPlatforms) = postSolution
		{A54414C4-B07E-4B3A-8858-E91D0FE62C42}.Debug|Any CPU.ActiveCfg = Debug|Any CPU
		{A54414C4-B07E-4B3A-8858-E91D0FE62C42}.Debug|Any CPU.Build.0 = Debug|Any CPU
		{A54414C4-B07E-4B3A-8858-E91D0FE62C42}.Release|Any CPU.ActiveCfg = Release|Any CPU
		{A54414C4-B07E-4B3A-8858-E91D0FE62C42}.Release|Any CPU.Build.0 = Release|Any CPU
	EndGlobalSection
	GlobalSection(SolutionProperties) = preSolution
		HideSolutionNode = FALSE
	EndGlobalSection
	GlobalSection(ExtensibilityGlobals) = postSolution
		SolutionGuid = {BA5732D9-21D2-4E40-8EC6-32A29A90A0B6}
	EndGlobalSection
EndGlobal
